
Microsoft Visual Studio Solution File, Format Version 12.00
# Visual Studio Version 17
VisualStudioVersion = 17.4.33122.133
MinimumVisualStudioVersion = 10.0.40219.1
Project("{FAE04EC0-301F-11D3-BF4B-00C04F79EFBC}") = "OOP1", "OOP1\OOP1.csproj", "{1D2D95E1-EB1B-4A08-81AA-F6B093F47907}"
EndProject
Global
	GlobalSection(SolutionConfigurationPlatforms) = preSolution
		Debug|Any CPU = Debug|Any CPU
		Release|Any CPU = Release|Any CPU
	EndGlobalSection
	GlobalSection(ProjectConfigurationPlatforms) = postSolution
		{1D2D95E1-EB1B-4A08-81AA-F6B093F47907}.Debug|Any CPU.ActiveCfg = Debug|Any CPU
		{1D2D95E1-EB1B-4A08-81AA-F6B093F47907}.Debug|Any CPU.Build.0 = Debug|Any CPU
		{1D2D95E1-EB1B-4A08-81AA-F6B093F47907}.Release|Any CPU.ActiveCfg = Release|Any CPU
		{1D2D95E1-EB1B-4A08-81AA-F6B093F47907}.Release|Any CPU.Build.0 = Release|Any CPU
	EndGlobalSection
	GlobalSection(SolutionProperties) = preSolution
		HideSolutionNode = FALSE
	EndGlobalSection
	GlobalSection(ExtensibilityGlobals) = postSolution
		SolutionGuid = {5DCA2D18-377D-4E6E-8CA7-4DC126BE87A7}
	EndGlobalSection
EndGlobal
