
Microsoft Visual Studio Solution File, Format Version 12.00
# Visual Studio Version 17
VisualStudioVersion = 17.4.33213.308
MinimumVisualStudioVersion = 10.0.40219.1
Project("{FAE04EC0-301F-11D3-BF4B-00C04F79EFBC}") = "OOP1", "SanaCSharp05\OOP1.csproj", "{AC334A43-6250-49C6-B4A7-51D18E567BB7}"
EndProject
Global
	GlobalSection(SolutionConfigurationPlatforms) = preSolution
		Debug|Any CPU = Debug|Any CPU
		Release|Any CPU = Release|Any CPU
	EndGlobalSection
	GlobalSection(ProjectConfigurationPlatforms) = postSolution
		{AC334A43-6250-49C6-B4A7-51D18E567BB7}.Debug|Any CPU.ActiveCfg = Debug|Any CPU
		{AC334A43-6250-49C6-B4A7-51D18E567BB7}.Debug|Any CPU.Build.0 = Debug|Any CPU
		{AC334A43-6250-49C6-B4A7-51D18E567BB7}.Release|Any CPU.ActiveCfg = Release|Any CPU
		{AC334A43-6250-49C6-B4A7-51D18E567BB7}.Release|Any CPU.Build.0 = Release|Any CPU
	EndGlobalSection
	GlobalSection(SolutionProperties) = preSolution
		HideSolutionNode = FALSE
	EndGlobalSection
	GlobalSection(ExtensibilityGlobals) = postSolution
		SolutionGuid = {DB30E84A-363B-4B0D-92BD-C89F71E26E96}
	EndGlobalSection
EndGlobal
