
Microsoft Visual Studio Solution File, Format Version 12.00
# Visual Studio Version 17
VisualStudioVersion = 17.4.33122.133
MinimumVisualStudioVersion = 10.0.40219.1
Project("{9A19103F-16F7-4668-BE54-9A1E7A4F7556}") = "OOP1", "OOP1\OOP1.csproj", "{F7377CEF-4BAB-4479-A6AA-12CD9C9332BB}"
EndProject
Global
	GlobalSection(SolutionConfigurationPlatforms) = preSolution
		Debug|Any CPU = Debug|Any CPU
		Release|Any CPU = Release|Any CPU
	EndGlobalSection
	GlobalSection(ProjectConfigurationPlatforms) = postSolution
		{F7377CEF-4BAB-4479-A6AA-12CD9C9332BB}.Debug|Any CPU.ActiveCfg = Debug|Any CPU
		{F7377CEF-4BAB-4479-A6AA-12CD9C9332BB}.Debug|Any CPU.Build.0 = Debug|Any CPU
		{F7377CEF-4BAB-4479-A6AA-12CD9C9332BB}.Release|Any CPU.ActiveCfg = Release|Any CPU
		{F7377CEF-4BAB-4479-A6AA-12CD9C9332BB}.Release|Any CPU.Build.0 = Release|Any CPU
	EndGlobalSection
	GlobalSection(SolutionProperties) = preSolution
		HideSolutionNode = FALSE
	EndGlobalSection
	GlobalSection(ExtensibilityGlobals) = postSolution
		SolutionGuid = {2E6BBA32-737D-4CAE-8995-723E0BBF52D1}
	EndGlobalSection
EndGlobal
