
Microsoft Visual Studio Solution File, Format Version 12.00
# Visual Studio Version 17
VisualStudioVersion = 17.4.33205.214
MinimumVisualStudioVersion = 10.0.40219.1
Project("{FAE04EC0-301F-11D3-BF4B-00C04F79EFBC}") = "OOP1", "OOP1\OOP1.csproj", "{F06370BE-741E-4DB6-AE60-8C1A19FE7620}"
EndProject
Global
	GlobalSection(SolutionConfigurationPlatforms) = preSolution
		Debug|Any CPU = Debug|Any CPU
		Release|Any CPU = Release|Any CPU
	EndGlobalSection
	GlobalSection(ProjectConfigurationPlatforms) = postSolution
		{F06370BE-741E-4DB6-AE60-8C1A19FE7620}.Debug|Any CPU.ActiveCfg = Debug|Any CPU
		{F06370BE-741E-4DB6-AE60-8C1A19FE7620}.Debug|Any CPU.Build.0 = Debug|Any CPU
		{F06370BE-741E-4DB6-AE60-8C1A19FE7620}.Release|Any CPU.ActiveCfg = Release|Any CPU
		{F06370BE-741E-4DB6-AE60-8C1A19FE7620}.Release|Any CPU.Build.0 = Release|Any CPU
	EndGlobalSection
	GlobalSection(SolutionProperties) = preSolution
		HideSolutionNode = FALSE
	EndGlobalSection
	GlobalSection(ExtensibilityGlobals) = postSolution
		SolutionGuid = {AFD9FE57-E8C6-45F4-B6AC-624BA9CED66E}
	EndGlobalSection
EndGlobal
