
Microsoft Visual Studio Solution File, Format Version 12.00
# Visual Studio Version 16
VisualStudioVersion = 16.0.810.10
MinimumVisualStudioVersion = 10.0.40219.1
Project("{FAE04EC0-301F-11D3-BF4B-00C04F79EFBC}") = "OOP1", "OOP1\OOP1.csproj", "{92E10C7E-A350-42D2-94B8-FA7EF1BAAB72}"
EndProject
Global
	GlobalSection(SolutionConfigurationPlatforms) = preSolution
		Debug|Any CPU = Debug|Any CPU
		Release|Any CPU = Release|Any CPU
	EndGlobalSection
	GlobalSection(ProjectConfigurationPlatforms) = postSolution
		{92E10C7E-A350-42D2-94B8-FA7EF1BAAB72}.Debug|Any CPU.ActiveCfg = Debug|Any CPU
		{92E10C7E-A350-42D2-94B8-FA7EF1BAAB72}.Debug|Any CPU.Build.0 = Debug|Any CPU
		{92E10C7E-A350-42D2-94B8-FA7EF1BAAB72}.Release|Any CPU.ActiveCfg = Release|Any CPU
		{92E10C7E-A350-42D2-94B8-FA7EF1BAAB72}.Release|Any CPU.Build.0 = Release|Any CPU
	EndGlobalSection
	GlobalSection(SolutionProperties) = preSolution
		HideSolutionNode = FALSE
	EndGlobalSection
	GlobalSection(ExtensibilityGlobals) = postSolution
		SolutionGuid = {D2338A94-A337-4D0C-8518-036E2C4E02CD}
	EndGlobalSection
EndGlobal
