
Microsoft Visual Studio Solution File, Format Version 12.00
# Visual Studio Version 17
VisualStudioVersion = 17.3.32901.215
MinimumVisualStudioVersion = 10.0.40219.1
Project("{9A19103F-16F7-4668-BE54-9A1E7A4F7556}") = "OOP1", "OOP1\OOP1.csproj", "{93444449-22C7-47D6-ADE0-13BA4FD9D5A6}"
EndProject
Global
	GlobalSection(SolutionConfigurationPlatforms) = preSolution
		Debug|Any CPU = Debug|Any CPU
		Release|Any CPU = Release|Any CPU
	EndGlobalSection
	GlobalSection(ProjectConfigurationPlatforms) = postSolution
		{93444449-22C7-47D6-ADE0-13BA4FD9D5A6}.Debug|Any CPU.ActiveCfg = Debug|Any CPU
		{93444449-22C7-47D6-ADE0-13BA4FD9D5A6}.Debug|Any CPU.Build.0 = Debug|Any CPU
		{93444449-22C7-47D6-ADE0-13BA4FD9D5A6}.Release|Any CPU.ActiveCfg = Release|Any CPU
		{93444449-22C7-47D6-ADE0-13BA4FD9D5A6}.Release|Any CPU.Build.0 = Release|Any CPU
	EndGlobalSection
	GlobalSection(SolutionProperties) = preSolution
		HideSolutionNode = FALSE
	EndGlobalSection
	GlobalSection(ExtensibilityGlobals) = postSolution
		SolutionGuid = {A8B60F6C-C8F8-4176-B46F-DFF4D5475CB7}
	EndGlobalSection
EndGlobal
